
Microsoft Visual Studio Solution File, Format Version 12.00
# Visual Studio Version 17
VisualStudioVersion = 17.13.35931.197
MinimumVisualStudioVersion = 10.0.40219.1
Project("{FAE04EC0-301F-11D3-BF4B-00C04F79EFBC}") = "EasySave", "EasySave.csproj", "{8D02ECEF-D0A3-FCC1-6C96-D4952AFC1DE8}"
	ProjectSection(ProjectDependencies) = postProject
		{C000A97B-2D46-7DE7-E934-66D7144D4963} = {C000A97B-2D46-7DE7-E934-66D7144D4963}
		{F17AC4F9-E834-354E-B694-7C47867E9A79} = {F17AC4F9-E834-354E-B694-7C47867E9A79}
	EndProjectSection
EndProject
Project("{FAE04EC0-301F-11D3-BF4B-00C04F79EFBC}") = "Logger", "Logger\Logger.csproj", "{C000A97B-2D46-7DE7-E934-66D7144D4963}"
EndProject
Project("{FAE04EC0-301F-11D3-BF4B-00C04F79EFBC}") = "EasySave.Tests", "EasySave.Tests\EasySave.Tests.csproj", "{60E39B97-C03A-B7F6-6385-A9C75A8764BB}"
EndProject
Project("{FAE04EC0-301F-11D3-BF4B-00C04F79EFBC}") = "CryptoSoft", "CryptoSoft\CryptoSoft.csproj", "{F17AC4F9-E834-354E-B694-7C47867E9A79}"
EndProject
Global
	GlobalSection(SolutionConfigurationPlatforms) = preSolution
		Debug|Any CPU = Debug|Any CPU
		Release|Any CPU = Release|Any CPU
	EndGlobalSection
	GlobalSection(ProjectConfigurationPlatforms) = postSolution
		{8D02ECEF-D0A3-FCC1-6C96-D4952AFC1DE8}.Debug|Any CPU.ActiveCfg = Debug|Any CPU
		{8D02ECEF-D0A3-FCC1-6C96-D4952AFC1DE8}.Debug|Any CPU.Build.0 = Debug|Any CPU
		{8D02ECEF-D0A3-FCC1-6C96-D4952AFC1DE8}.Release|Any CPU.ActiveCfg = Release|Any CPU
		{8D02ECEF-D0A3-FCC1-6C96-D4952AFC1DE8}.Release|Any CPU.Build.0 = Release|Any CPU
		{C000A97B-2D46-7DE7-E934-66D7144D4963}.Debug|Any CPU.ActiveCfg = Debug|Any CPU
		{C000A97B-2D46-7DE7-E934-66D7144D4963}.Debug|Any CPU.Build.0 = Debug|Any CPU
		{C000A97B-2D46-7DE7-E934-66D7144D4963}.Release|Any CPU.ActiveCfg = Release|Any CPU
		{C000A97B-2D46-7DE7-E934-66D7144D4963}.Release|Any CPU.Build.0 = Release|Any CPU
		{60E39B97-C03A-B7F6-6385-A9C75A8764BB}.Debug|Any CPU.ActiveCfg = Debug|Any CPU
		{60E39B97-C03A-B7F6-6385-A9C75A8764BB}.Debug|Any CPU.Build.0 = Debug|Any CPU
		{60E39B97-C03A-B7F6-6385-A9C75A8764BB}.Release|Any CPU.ActiveCfg = Release|Any CPU
		{60E39B97-C03A-B7F6-6385-A9C75A8764BB}.Release|Any CPU.Build.0 = Release|Any CPU
		{F17AC4F9-E834-354E-B694-7C47867E9A79}.Debug|Any CPU.ActiveCfg = Debug|Any CPU
		{F17AC4F9-E834-354E-B694-7C47867E9A79}.Debug|Any CPU.Build.0 = Debug|Any CPU
		{F17AC4F9-E834-354E-B694-7C47867E9A79}.Release|Any CPU.ActiveCfg = Release|Any CPU
		{F17AC4F9-E834-354E-B694-7C47867E9A79}.Release|Any CPU.Build.0 = Release|Any CPU
	EndGlobalSection
	GlobalSection(SolutionProperties) = preSolution
		HideSolutionNode = FALSE
	EndGlobalSection
	GlobalSection(ExtensibilityGlobals) = postSolution
		SolutionGuid = {4F551854-AD60-452E-BA70-5FD3E9875F43}
	EndGlobalSection
EndGlobal
